// !$*UTF8*$!
{
	archiveVersion = 1;
	classes = {
	};
	objectVersion = 56;
	objects = {

/* Begin PBXBuildFile section */
		BB559DC32EE08A4200C78299 /* rootFunctions.swift in Sources */ = {isa = PBXBuildFile; fileRef = BB559DC22EE08A4200C78299 /* rootFunctions.swift */; };
		BB559DC62EE4ACBA00C78299 /* GoogleSignIn in Frameworks */ = {isa = PBXBuildFile; productRef = BB559DC52EE4ACBA00C78299 /* GoogleSignIn */; };
		BB559DC82EE4ACBA00C78299 /* GoogleSignInSwift in Frameworks */ = {isa = PBXBuildFile; productRef = BB559DC72EE4ACBA00C78299 /* GoogleSignInSwift */; };
		BB736E972EDF73E80063B0B5 /* FirebaseAuth in Frameworks */ = {isa = PBXBuildFile; productRef = BB736E962EDF73E80063B0B5 /* FirebaseAuth */; };
		BB736E992EDF73E80063B0B5 /* FirebaseDatabase in Frameworks */ = {isa = PBXBuildFile; productRef = BB736E982EDF73E80063B0B5 /* FirebaseDatabase */; };
		BB736E9B2EDF73E80063B0B5 /* FirebaseDatabaseSwift in Frameworks */ = {isa = PBXBuildFile; productRef = BB736E9A2EDF73E80063B0B5 /* FirebaseDatabaseSwift */; };
		BBB228E02EDDD7720034173B /* RemindMeApp.swift in Sources */ = {isa = PBXBuildFile; fileRef = BBB228DF2EDDD7720034173B /* RemindMeApp.swift */; };
		BBB228E22EDDD7720034173B /* ContentView.swift in Sources */ = {isa = PBXBuildFile; fileRef = BBB228E12EDDD7720034173B /* ContentView.swift */; };
		BBB228E42EDDD7760034173B /* Assets.xcassets in Resources */ = {isa = PBXBuildFile; fileRef = BBB228E32EDDD7760034173B /* Assets.xcassets */; };
		BBB228E72EDDD7760034173B /* Preview Assets.xcassets in Resources */ = {isa = PBXBuildFile; fileRef = BBB228E62EDDD7760034173B /* Preview Assets.xcassets */; };
		BBB228F12EDDD7770034173B /* RemindMeTests.swift in Sources */ = {isa = PBXBuildFile; fileRef = BBB228F02EDDD7770034173B /* RemindMeTests.swift */; };
		BBB228FB2EDDD7770034173B /* RemindMeUITests.swift in Sources */ = {isa = PBXBuildFile; fileRef = BBB228FA2EDDD7770034173B /* RemindMeUITests.swift */; };
		BBB228FD2EDDD7770034173B /* RemindMeUITestsLaunchTests.swift in Sources */ = {isa = PBXBuildFile; fileRef = BBB228FC2EDDD7770034173B /* RemindMeUITestsLaunchTests.swift */; };
		BBB2290A2EDDDC5E0034173B /* LoginPage.swift in Sources */ = {isa = PBXBuildFile; fileRef = BBB229092EDDDC5D0034173B /* LoginPage.swift */; };
		BBB2290C2EDDDD020034173B /* NewReminder.swift in Sources */ = {isa = PBXBuildFile; fileRef = BBB2290B2EDDDD020034173B /* NewReminder.swift */; };
		BBB2290F2EDE44B70034173B /* Textfield.swift in Sources */ = {isa = PBXBuildFile; fileRef = BBB2290E2EDE44B60034173B /* Textfield.swift */; };
		BBF3BF782EE5C46B009B57AD /* GoogleService-Info.plist in Resources */ = {isa = PBXBuildFile; fileRef = BBF3BF772EE5C46B009B57AD /* GoogleService-Info.plist */; };
		BBF3BF7C2EE63B07009B57AD /* StartPage.swift in Sources */ = {isa = PBXBuildFile; fileRef = BBF3BF7B2EE63B07009B57AD /* StartPage.swift */; };
		BBF3BF7E2EE63B26009B57AD /* TopBar.swift in Sources */ = {isa = PBXBuildFile; fileRef = BBF3BF7D2EE63B26009B57AD /* TopBar.swift */; };
		BBF3BF802EE642C1009B57AD /* BottonStyle.swift in Sources */ = {isa = PBXBuildFile; fileRef = BBF3BF7F2EE642C1009B57AD /* BottonStyle.swift */; };
		BBF3BF822EE64B30009B57AD /* Models.swift in Sources */ = {isa = PBXBuildFile; fileRef = BBF3BF812EE64B30009B57AD /* Models.swift */; };
		BBF3BF842EF31695009B57AD /* SignOut.swift in Sources */ = {isa = PBXBuildFile; fileRef = BBF3BF832EF31695009B57AD /* SignOut.swift */; };
/* End PBXBuildFile section */

/* Begin PBXContainerItemProxy section */
		BBB228ED2EDDD7770034173B /* PBXContainerItemProxy */ = {
			isa = PBXContainerItemProxy;
			containerPortal = BBB228D42EDDD7720034173B /* Project object */;
			proxyType = 1;
			remoteGlobalIDString = BBB228DB2EDDD7720034173B;
			remoteInfo = RemindMe;
		};
		BBB228F72EDDD7770034173B /* PBXContainerItemProxy */ = {
			isa = PBXContainerItemProxy;
			containerPortal = BBB228D42EDDD7720034173B /* Project object */;
			proxyType = 1;
			remoteGlobalIDString = BBB228DB2EDDD7720034173B;
			remoteInfo = RemindMe;
		};
/* End PBXContainerItemProxy section */

/* Begin PBXFileReference section */
		BB559DC22EE08A4200C78299 /* rootFunctions.swift */ = {isa = PBXFileReference; lastKnownFileType = sourcecode.swift; path = rootFunctions.swift; sourceTree = "<group>"; };
		BBB228DC2EDDD7720034173B /* RemindMe.app */ = {isa = PBXFileReference; explicitFileType = wrapper.application; includeInIndex = 0; path = RemindMe.app; sourceTree = BUILT_PRODUCTS_DIR; };
		BBB228DF2EDDD7720034173B /* RemindMeApp.swift */ = {isa = PBXFileReference; lastKnownFileType = sourcecode.swift; path = RemindMeApp.swift; sourceTree = "<group>"; };
		BBB228E12EDDD7720034173B /* ContentView.swift */ = {isa = PBXFileReference; lastKnownFileType = sourcecode.swift; path = ContentView.swift; sourceTree = "<group>"; };
		BBB228E32EDDD7760034173B /* Assets.xcassets */ = {isa = PBXFileReference; lastKnownFileType = folder.assetcatalog; path = Assets.xcassets; sourceTree = "<group>"; };
		BBB228E62EDDD7760034173B /* Preview Assets.xcassets */ = {isa = PBXFileReference; lastKnownFileType = folder.assetcatalog; path = "Preview Assets.xcassets"; sourceTree = "<group>"; };
		BBB228EC2EDDD7770034173B /* RemindMeTests.xctest */ = {isa = PBXFileReference; explicitFileType = wrapper.cfbundle; includeInIndex = 0; path = RemindMeTests.xctest; sourceTree = BUILT_PRODUCTS_DIR; };
		BBB228F02EDDD7770034173B /* RemindMeTests.swift */ = {isa = PBXFileReference; lastKnownFileType = sourcecode.swift; path = RemindMeTests.swift; sourceTree = "<group>"; };
		BBB228F62EDDD7770034173B /* RemindMeUITests.xctest */ = {isa = PBXFileReference; explicitFileType = wrapper.cfbundle; includeInIndex = 0; path = RemindMeUITests.xctest; sourceTree = BUILT_PRODUCTS_DIR; };
		BBB228FA2EDDD7770034173B /* RemindMeUITests.swift */ = {isa = PBXFileReference; lastKnownFileType = sourcecode.swift; path = RemindMeUITests.swift; sourceTree = "<group>"; };
		BBB228FC2EDDD7770034173B /* RemindMeUITestsLaunchTests.swift */ = {isa = PBXFileReference; lastKnownFileType = sourcecode.swift; path = RemindMeUITestsLaunchTests.swift; sourceTree = "<group>"; };
		BBB229092EDDDC5D0034173B /* LoginPage.swift */ = {isa = PBXFileReference; lastKnownFileType = sourcecode.swift; path = LoginPage.swift; sourceTree = "<group>"; };
		BBB2290B2EDDDD020034173B /* NewReminder.swift */ = {isa = PBXFileReference; lastKnownFileType = sourcecode.swift; path = NewReminder.swift; sourceTree = "<group>"; };
		BBB2290E2EDE44B60034173B /* Textfield.swift */ = {isa = PBXFileReference; lastKnownFileType = sourcecode.swift; path = Textfield.swift; sourceTree = "<group>"; };
		BBF3BF772EE5C46B009B57AD /* GoogleService-Info.plist */ = {isa = PBXFileReference; fileEncoding = 4; lastKnownFileType = text.plist.xml; name = "GoogleService-Info.plist"; path = "../../../../../Downloads/GoogleService-Info.plist"; sourceTree = "<group>"; };
		BBF3BF7B2EE63B07009B57AD /* StartPage.swift */ = {isa = PBXFileReference; lastKnownFileType = sourcecode.swift; path = StartPage.swift; sourceTree = "<group>"; };
		BBF3BF7D2EE63B26009B57AD /* TopBar.swift */ = {isa = PBXFileReference; lastKnownFileType = sourcecode.swift; path = TopBar.swift; sourceTree = "<group>"; };
		BBF3BF7F2EE642C1009B57AD /* BottonStyle.swift */ = {isa = PBXFileReference; lastKnownFileType = sourcecode.swift; path = BottonStyle.swift; sourceTree = "<group>"; };
		BBF3BF812EE64B30009B57AD /* Models.swift */ = {isa = PBXFileReference; lastKnownFileType = sourcecode.swift; path = Models.swift; sourceTree = "<group>"; };
		BBF3BF832EF31695009B57AD /* SignOut.swift */ = {isa = PBXFileReference; lastKnownFileType = sourcecode.swift; path = SignOut.swift; sourceTree = "<group>"; };
/* End PBXFileReference section */

/* Begin PBXFrameworksBuildPhase section */
		BBB228D92EDDD7720034173B /* Frameworks */ = {
			isa = PBXFrameworksBuildPhase;
			buildActionMask = 2147483647;
			files = (
				BB559DC82EE4ACBA00C78299 /* GoogleSignInSwift in Frameworks */,
				BB736E9B2EDF73E80063B0B5 /* FirebaseDatabaseSwift in Frameworks */,
				BB559DC62EE4ACBA00C78299 /* GoogleSignIn in Frameworks */,
				BB736E992EDF73E80063B0B5 /* FirebaseDatabase in Frameworks */,
				BB736E972EDF73E80063B0B5 /* FirebaseAuth in Frameworks */,
			);
			runOnlyForDeploymentPostprocessing = 0;
		};
		BBB228E92EDDD7770034173B /* Frameworks */ = {
			isa = PBXFrameworksBuildPhase;
			buildActionMask = 2147483647;
			files = (
			);
			runOnlyForDeploymentPostprocessing = 0;
		};
		BBB228F32EDDD7770034173B /* Frameworks */ = {
			isa = PBXFrameworksBuildPhase;
			buildActionMask = 2147483647;
			files = (
			);
			runOnlyForDeploymentPostprocessing = 0;
		};
/* End PBXFrameworksBuildPhase section */

/* Begin PBXGroup section */
		BBB228D32EDDD7720034173B = {
			isa = PBXGroup;
			children = (
				BBB228DE2EDDD7720034173B /* RemindMe */,
				BBB228EF2EDDD7770034173B /* RemindMeTests */,
				BBB228F92EDDD7770034173B /* RemindMeUITests */,
				BBB228DD2EDDD7720034173B /* Products */,
			);
			sourceTree = "<group>";
		};
		BBB228DD2EDDD7720034173B /* Products */ = {
			isa = PBXGroup;
			children = (
				BBB228DC2EDDD7720034173B /* RemindMe.app */,
				BBB228EC2EDDD7770034173B /* RemindMeTests.xctest */,
				BBB228F62EDDD7770034173B /* RemindMeUITests.xctest */,
			);
			name = Products;
			sourceTree = "<group>";
		};
		BBB228DE2EDDD7720034173B /* RemindMe */ = {
			isa = PBXGroup;
			children = (
				BBB228DF2EDDD7720034173B /* RemindMeApp.swift */,
				BBB228E12EDDD7720034173B /* ContentView.swift */,
				BBF3BF772EE5C46B009B57AD /* GoogleService-Info.plist */,
				BB559DC22EE08A4200C78299 /* rootFunctions.swift */,
				BBB229092EDDDC5D0034173B /* LoginPage.swift */,
				BBF3BF812EE64B30009B57AD /* Models.swift */,
				BBB2290B2EDDDD020034173B /* NewReminder.swift */,
				BBF3BF7B2EE63B07009B57AD /* StartPage.swift */,
				BBF3BF832EF31695009B57AD /* SignOut.swift */,
				BBB2290D2EDE44970034173B /* Components */,
				BBB228E32EDDD7760034173B /* Assets.xcassets */,
				BBB228E52EDDD7760034173B /* Preview Content */,
			);
			path = RemindMe;
			sourceTree = "<group>";
		};
		BBB228E52EDDD7760034173B /* Preview Content */ = {
			isa = PBXGroup;
			children = (
				BBB228E62EDDD7760034173B /* Preview Assets.xcassets */,
			);
			path = "Preview Content";
			sourceTree = "<group>";
		};
		BBB228EF2EDDD7770034173B /* RemindMeTests */ = {
			isa = PBXGroup;
			children = (
				BBB228F02EDDD7770034173B /* RemindMeTests.swift */,
			);
			path = RemindMeTests;
			sourceTree = "<group>";
		};
		BBB228F92EDDD7770034173B /* RemindMeUITests */ = {
			isa = PBXGroup;
			children = (
				BBB228FA2EDDD7770034173B /* RemindMeUITests.swift */,
				BBB228FC2EDDD7770034173B /* RemindMeUITestsLaunchTests.swift */,
			);
			path = RemindMeUITests;
			sourceTree = "<group>";
		};
		BBB2290D2EDE44970034173B /* Components */ = {
			isa = PBXGroup;
			children = (
				BBB2290E2EDE44B60034173B /* Textfield.swift */,
				BBF3BF7D2EE63B26009B57AD /* TopBar.swift */,
				BBF3BF7F2EE642C1009B57AD /* BottonStyle.swift */,
			);
			path = Components;
			sourceTree = "<group>";
		};
/* End PBXGroup section */

/* Begin PBXNativeTarget section */
		BBB228DB2EDDD7720034173B /* RemindMe */ = {
			isa = PBXNativeTarget;
			buildConfigurationList = BBB229002EDDD7770034173B /* Build configuration list for PBXNativeTarget "RemindMe" */;
			buildPhases = (
				BBB228D82EDDD7720034173B /* Sources */,
				BBB228D92EDDD7720034173B /* Frameworks */,
				BBB228DA2EDDD7720034173B /* Resources */,
			);
			buildRules = (
			);
			dependencies = (
			);
			name = RemindMe;
			packageProductDependencies = (
				BB736E962EDF73E80063B0B5 /* FirebaseAuth */,
				BB736E982EDF73E80063B0B5 /* FirebaseDatabase */,
				BB736E9A2EDF73E80063B0B5 /* FirebaseDatabaseSwift */,
				BB559DC52EE4ACBA00C78299 /* GoogleSignIn */,
				BB559DC72EE4ACBA00C78299 /* GoogleSignInSwift */,
			);
			productName = RemindMe;
			productReference = BBB228DC2EDDD7720034173B /* RemindMe.app */;
			productType = "com.apple.product-type.application";
		};
		BBB228EB2EDDD7770034173B /* RemindMeTests */ = {
			isa = PBXNativeTarget;
			buildConfigurationList = BBB229032EDDD7770034173B /* Build configuration list for PBXNativeTarget "RemindMeTests" */;
			buildPhases = (
				BBB228E82EDDD7770034173B /* Sources */,
				BBB228E92EDDD7770034173B /* Frameworks */,
				BBB228EA2EDDD7770034173B /* Resources */,
			);
			buildRules = (
			);
			dependencies = (
				BBB228EE2EDDD7770034173B /* PBXTargetDependency */,
			);
			name = RemindMeTests;
			productName = RemindMeTests;
			productReference = BBB228EC2EDDD7770034173B /* RemindMeTests.xctest */;
			productType = "com.apple.product-type.bundle.unit-test";
		};
		BBB228F52EDDD7770034173B /* RemindMeUITests */ = {
			isa = PBXNativeTarget;
			buildConfigurationList = BBB229062EDDD7770034173B /* Build configuration list for PBXNativeTarget "RemindMeUITests" */;
			buildPhases = (
				BBB228F22EDDD7770034173B /* Sources */,
				BBB228F32EDDD7770034173B /* Frameworks */,
				BBB228F42EDDD7770034173B /* Resources */,
			);
			buildRules = (
			);
			dependencies = (
				BBB228F82EDDD7770034173B /* PBXTargetDependency */,
			);
			name = RemindMeUITests;
			productName = RemindMeUITests;
			productReference = BBB228F62EDDD7770034173B /* RemindMeUITests.xctest */;
			productType = "com.apple.product-type.bundle.ui-testing";
		};
/* End PBXNativeTarget section */

/* Begin PBXProject section */
		BBB228D42EDDD7720034173B /* Project object */ = {
			isa = PBXProject;
			attributes = {
				BuildIndependentTargetsInParallel = 1;
				LastSwiftUpdateCheck = 1540;
				LastUpgradeCheck = 1540;
				TargetAttributes = {
					BBB228DB2EDDD7720034173B = {
						CreatedOnToolsVersion = 15.4;
					};
					BBB228EB2EDDD7770034173B = {
						CreatedOnToolsVersion = 15.4;
						TestTargetID = BBB228DB2EDDD7720034173B;
					};
					BBB228F52EDDD7770034173B = {
						CreatedOnToolsVersion = 15.4;
						TestTargetID = BBB228DB2EDDD7720034173B;
					};
				};
			};
			buildConfigurationList = BBB228D72EDDD7720034173B /* Build configuration list for PBXProject "RemindMe" */;
			compatibilityVersion = "Xcode 14.0";
			developmentRegion = en;
			hasScannedForEncodings = 0;
			knownRegions = (
				en,
				Base,
			);
			mainGroup = BBB228D32EDDD7720034173B;
			packageReferences = (
				BB736E952EDF73E80063B0B5 /* XCRemoteSwiftPackageReference "firebase-ios-sdk" */,
				BB559DC42EE4ACBA00C78299 /* XCRemoteSwiftPackageReference "GoogleSignIn-iOS" */,
			);
			productRefGroup = BBB228DD2EDDD7720034173B /* Products */;
			projectDirPath = "";
			projectRoot = "";
			targets = (
				BBB228DB2EDDD7720034173B /* RemindMe */,
				BBB228EB2EDDD7770034173B /* RemindMeTests */,
				BBB228F52EDDD7770034173B /* RemindMeUITests */,
			);
		};
/* End PBXProject section */

/* Begin PBXResourcesBuildPhase section */
		BBB228DA2EDDD7720034173B /* Resources */ = {
			isa = PBXResourcesBuildPhase;
			buildActionMask = 2147483647;
			files = (
				BBB228E72EDDD7760034173B /* Preview Assets.xcassets in Resources */,
				BBB228E42EDDD7760034173B /* Assets.xcassets in Resources */,
				BBF3BF782EE5C46B009B57AD /* GoogleService-Info.plist in Resources */,
			);
			runOnlyForDeploymentPostprocessing = 0;
		};
		BBB228EA2EDDD7770034173B /* Resources */ = {
			isa = PBXResourcesBuildPhase;
			buildActionMask = 2147483647;
			files = (
			);
			runOnlyForDeploymentPostprocessing = 0;
		};
		BBB228F42EDDD7770034173B /* Resources */ = {
			isa = PBXResourcesBuildPhase;
			buildActionMask = 2147483647;
			files = (
			);
			runOnlyForDeploymentPostprocessing = 0;
		};
/* End PBXResourcesBuildPhase section */

/* Begin PBXSourcesBuildPhase section */
		BBB228D82EDDD7720034173B /* Sources */ = {
			isa = PBXSourcesBuildPhase;
			buildActionMask = 2147483647;
			files = (
				BBF3BF802EE642C1009B57AD /* BottonStyle.swift in Sources */,
				BBB2290C2EDDDD020034173B /* NewReminder.swift in Sources */,
				BBF3BF842EF31695009B57AD /* SignOut.swift in Sources */,
				BB559DC32EE08A4200C78299 /* rootFunctions.swift in Sources */,
				BBF3BF7C2EE63B07009B57AD /* StartPage.swift in Sources */,
				BBB228E22EDDD7720034173B /* ContentView.swift in Sources */,
				BBB228E02EDDD7720034173B /* RemindMeApp.swift in Sources */,
				BBB2290F2EDE44B70034173B /* Textfield.swift in Sources */,
				BBB2290A2EDDDC5E0034173B /* LoginPage.swift in Sources */,
				BBF3BF7E2EE63B26009B57AD /* TopBar.swift in Sources */,
				BBF3BF822EE64B30009B57AD /* Models.swift in Sources */,
			);
			runOnlyForDeploymentPostprocessing = 0;
		};
		BBB228E82EDDD7770034173B /* Sources */ = {
			isa = PBXSourcesBuildPhase;
			buildActionMask = 2147483647;
			files = (
				BBB228F12EDDD7770034173B /* RemindMeTests.swift in Sources */,
			);
			runOnlyForDeploymentPostprocessing = 0;
		};
		BBB228F22EDDD7770034173B /* Sources */ = {
			isa = PBXSourcesBuildPhase;
			buildActionMask = 2147483647;
			files = (
				BBB228FD2EDDD7770034173B /* RemindMeUITestsLaunchTests.swift in Sources */,
				BBB228FB2EDDD7770034173B /* RemindMeUITests.swift in Sources */,
			);
			runOnlyForDeploymentPostprocessing = 0;
		};
/* End PBXSourcesBuildPhase section */

/* Begin PBXTargetDependency section */
		BBB228EE2EDDD7770034173B /* PBXTargetDependency */ = {
			isa = PBXTargetDependency;
			target = BBB228DB2EDDD7720034173B /* RemindMe */;
			targetProxy = BBB228ED2EDDD7770034173B /* PBXContainerItemProxy */;
		};
		BBB228F82EDDD7770034173B /* PBXTargetDependency */ = {
			isa = PBXTargetDependency;
			target = BBB228DB2EDDD7720034173B /* RemindMe */;
			targetProxy = BBB228F72EDDD7770034173B /* PBXContainerItemProxy */;
		};
/* End PBXTargetDependency section */

/* Begin XCBuildConfiguration section */
		BBB228FE2EDDD7770034173B /* Debug */ = {
			isa = XCBuildConfiguration;
			buildSettings = {
				ALWAYS_SEARCH_USER_PATHS = NO;
				ASSETCATALOG_COMPILER_GENERATE_SWIFT_ASSET_SYMBOL_EXTENSIONS = YES;
				CLANG_ANALYZER_NONNULL = YES;
				CLANG_ANALYZER_NUMBER_OBJECT_CONVERSION = YES_AGGRESSIVE;
				CLANG_CXX_LANGUAGE_STANDARD = "gnu++20";
				CLANG_ENABLE_MODULES = YES;
				CLANG_ENABLE_OBJC_ARC = YES;
				CLANG_ENABLE_OBJC_WEAK = YES;
				CLANG_WARN_BLOCK_CAPTURE_AUTORELEASING = YES;
				CLANG_WARN_BOOL_CONVERSION = YES;
				CLANG_WARN_COMMA = YES;
				CLANG_WARN_CONSTANT_CONVERSION = YES;
				CLANG_WARN_DEPRECATED_OBJC_IMPLEMENTATIONS = YES;
				CLANG_WARN_DIRECT_OBJC_ISA_USAGE = YES_ERROR;
				CLANG_WARN_DOCUMENTATION_COMMENTS = YES;
				CLANG_WARN_EMPTY_BODY = YES;
				CLANG_WARN_ENUM_CONVERSION = YES;
				CLANG_WARN_INFINITE_RECURSION = YES;
				CLANG_WARN_INT_CONVERSION = YES;
				CLANG_WARN_NON_LITERAL_NULL_CONVERSION = YES;
				CLANG_WARN_OBJC_IMPLICIT_RETAIN_SELF = YES;
				CLANG_WARN_OBJC_LITERAL_CONVERSION = YES;
				CLANG_WARN_OBJC_ROOT_CLASS = YES_ERROR;
				CLANG_WARN_QUOTED_INCLUDE_IN_FRAMEWORK_HEADER = YES;
				CLANG_WARN_RANGE_LOOP_ANALYSIS = YES;
				CLANG_WARN_STRICT_PROTOTYPES = YES;
				CLANG_WARN_SUSPICIOUS_MOVE = YES;
				CLANG_WARN_UNGUARDED_AVAILABILITY = YES_AGGRESSIVE;
				CLANG_WARN_UNREACHABLE_CODE = YES;
				CLANG_WARN__DUPLICATE_METHOD_MATCH = YES;
				COPY_PHASE_STRIP = NO;
				DEBUG_INFORMATION_FORMAT = dwarf;
				ENABLE_STRICT_OBJC_MSGSEND = YES;
				ENABLE_TESTABILITY = YES;
				ENABLE_USER_SCRIPT_SANDBOXING = YES;
				GCC_C_LANGUAGE_STANDARD = gnu17;
				GCC_DYNAMIC_NO_PIC = NO;
				GCC_NO_COMMON_BLOCKS = YES;
				GCC_OPTIMIZATION_LEVEL = 0;
				GCC_PREPROCESSOR_DEFINITIONS = (
					"DEBUG=1",
					"$(inherited)",
				);
				GCC_WARN_64_TO_32_BIT_CONVERSION = YES;
				GCC_WARN_ABOUT_RETURN_TYPE = YES_ERROR;
				GCC_WARN_UNDECLARED_SELECTOR = YES;
				GCC_WARN_UNINITIALIZED_AUTOS = YES_AGGRESSIVE;
				GCC_WARN_UNUSED_FUNCTION = YES;
				GCC_WARN_UNUSED_VARIABLE = YES;
				IPHONEOS_DEPLOYMENT_TARGET = 17.5;
				LOCALIZATION_PREFERS_STRING_CATALOGS = YES;
				MTL_ENABLE_DEBUG_INFO = INCLUDE_SOURCE;
				MTL_FAST_MATH = YES;
				ONLY_ACTIVE_ARCH = YES;
				SDKROOT = iphoneos;
				SWIFT_ACTIVE_COMPILATION_CONDITIONS = "DEBUG $(inherited)";
				SWIFT_OPTIMIZATION_LEVEL = "-Onone";
			};
			name = Debug;
		};
		BBB228FF2EDDD7770034173B /* Release */ = {
			isa = XCBuildConfiguration;
			buildSettings = {
				ALWAYS_SEARCH_USER_PATHS = NO;
				ASSETCATALOG_COMPILER_GENERATE_SWIFT_ASSET_SYMBOL_EXTENSIONS = YES;
				CLANG_ANALYZER_NONNULL = YES;
				CLANG_ANALYZER_NUMBER_OBJECT_CONVERSION = YES_AGGRESSIVE;
				CLANG_CXX_LANGUAGE_STANDARD = "gnu++20";
				CLANG_ENABLE_MODULES = YES;
				CLANG_ENABLE_OBJC_ARC = YES;
				CLANG_ENABLE_OBJC_WEAK = YES;
				CLANG_WARN_BLOCK_CAPTURE_AUTORELEASING = YES;
				CLANG_WARN_BOOL_CONVERSION = YES;
				CLANG_WARN_COMMA = YES;
				CLANG_WARN_CONSTANT_CONVERSION = YES;
				CLANG_WARN_DEPRECATED_OBJC_IMPLEMENTATIONS = YES;
				CLANG_WARN_DIRECT_OBJC_ISA_USAGE = YES_ERROR;
				CLANG_WARN_DOCUMENTATION_COMMENTS = YES;
				CLANG_WARN_EMPTY_BODY = YES;
				CLANG_WARN_ENUM_CONVERSION = YES;
				CLANG_WARN_INFINITE_RECURSION = YES;
				CLANG_WARN_INT_CONVERSION = YES;
				CLANG_WARN_NON_LITERAL_NULL_CONVERSION = YES;
				CLANG_WARN_OBJC_IMPLICIT_RETAIN_SELF = YES;
				CLANG_WARN_OBJC_LITERAL_CONVERSION = YES;
				CLANG_WARN_OBJC_ROOT_CLASS = YES_ERROR;
				CLANG_WARN_QUOTED_INCLUDE_IN_FRAMEWORK_HEADER = YES;
				CLANG_WARN_RANGE_LOOP_ANALYSIS = YES;
				CLANG_WARN_STRICT_PROTOTYPES = YES;
				CLANG_WARN_SUSPICIOUS_MOVE = YES;
				CLANG_WARN_UNGUARDED_AVAILABILITY = YES_AGGRESSIVE;
				CLANG_WARN_UNREACHABLE_CODE = YES;
				CLANG_WARN__DUPLICATE_METHOD_MATCH = YES;
				COPY_PHASE_STRIP = NO;
				DEBUG_INFORMATION_FORMAT = "dwarf-with-dsym";
				ENABLE_NS_ASSERTIONS = NO;
				ENABLE_STRICT_OBJC_MSGSEND = YES;
				ENABLE_USER_SCRIPT_SANDBOXING = YES;
				GCC_C_LANGUAGE_STANDARD = gnu17;
				GCC_NO_COMMON_BLOCKS = YES;
				GCC_WARN_64_TO_32_BIT_CONVERSION = YES;
				GCC_WARN_ABOUT_RETURN_TYPE = YES_ERROR;
				GCC_WARN_UNDECLARED_SELECTOR = YES;
				GCC_WARN_UNINITIALIZED_AUTOS = YES_AGGRESSIVE;
				GCC_WARN_UNUSED_FUNCTION = YES;
				GCC_WARN_UNUSED_VARIABLE = YES;
				IPHONEOS_DEPLOYMENT_TARGET = 17.5;
				LOCALIZATION_PREFERS_STRING_CATALOGS = YES;
				MTL_ENABLE_DEBUG_INFO = NO;
				MTL_FAST_MATH = YES;
				SDKROOT = iphoneos;
				SWIFT_COMPILATION_MODE = wholemodule;
				VALIDATE_PRODUCT = YES;
			};
			name = Release;
		};
		BBB229012EDDD7770034173B /* Debug */ = {
			isa = XCBuildConfiguration;
			buildSettings = {
				ASSETCATALOG_COMPILER_APPICON_NAME = AppIcon;
				ASSETCATALOG_COMPILER_GLOBAL_ACCENT_COLOR_NAME = AccentColor;
				CODE_SIGN_STYLE = Automatic;
				CURRENT_PROJECT_VERSION = 1;
				DEVELOPMENT_ASSET_PATHS = "\"RemindMe/Preview Content\"";
				DEVELOPMENT_TEAM = M88WFX69HK;
				ENABLE_PREVIEWS = YES;
				GENERATE_INFOPLIST_FILE = YES;
				INFOPLIST_FILE = RemindMe/Info.plist;
				INFOPLIST_KEY_UIApplicationSceneManifest_Generation = YES;
				INFOPLIST_KEY_UIApplicationSupportsIndirectInputEvents = YES;
				INFOPLIST_KEY_UILaunchScreen_Generation = YES;
				INFOPLIST_KEY_UISupportedInterfaceOrientations_iPad = "UIInterfaceOrientationPortrait UIInterfaceOrientationPortraitUpsideDown UIInterfaceOrientationLandscapeLeft UIInterfaceOrientationLandscapeRight";
				INFOPLIST_KEY_UISupportedInterfaceOrientations_iPhone = "UIInterfaceOrientationPortrait UIInterfaceOrientationLandscapeLeft UIInterfaceOrientationLandscapeRight";
				LD_RUNPATH_SEARCH_PATHS = (
					"$(inherited)",
					"@executable_path/Frameworks",
				);
				MARKETING_VERSION = 1.0;
				OTHER_LDFLAGS = "-ObjC";
				PRODUCT_BUNDLE_IDENTIFIER = se.ahmad.RemindMe;
				PRODUCT_NAME = "$(TARGET_NAME)";
				SWIFT_EMIT_LOC_STRINGS = YES;
				SWIFT_VERSION = 5.0;
				TARGETED_DEVICE_FAMILY = "1,2";
			};
			name = Debug;
		};
		BBB229022EDDD7770034173B /* Release */ = {
			isa = XCBuildConfiguration;
			buildSettings = {
				ASSETCATALOG_COMPILER_APPICON_NAME = AppIcon;
				ASSETCATALOG_COMPILER_GLOBAL_ACCENT_COLOR_NAME = AccentColor;
				CODE_SIGN_STYLE = Automatic;
				CURRENT_PROJECT_VERSION = 1;
				DEVELOPMENT_ASSET_PATHS = "\"RemindMe/Preview Content\"";
				DEVELOPMENT_TEAM = M88WFX69HK;
				ENABLE_PREVIEWS = YES;
				GENERATE_INFOPLIST_FILE = YES;
				INFOPLIST_FILE = RemindMe/Info.plist;
				INFOPLIST_KEY_UIApplicationSceneManifest_Generation = YES;
				INFOPLIST_KEY_UIApplicationSupportsIndirectInputEvents = YES;
				INFOPLIST_KEY_UILaunchScreen_Generation = YES;
				INFOPLIST_KEY_UISupportedInterfaceOrientations_iPad = "UIInterfaceOrientationPortrait UIInterfaceOrientationPortraitUpsideDown UIInterfaceOrientationLandscapeLeft UIInterfaceOrientationLandscapeRight";
				INFOPLIST_KEY_UISupportedInterfaceOrientations_iPhone = "UIInterfaceOrientationPortrait UIInterfaceOrientationLandscapeLeft UIInterfaceOrientationLandscapeRight";
				LD_RUNPATH_SEARCH_PATHS = (
					"$(inherited)",
					"@executable_path/Frameworks",
				);
				MARKETING_VERSION = 1.0;
				OTHER_LDFLAGS = "-ObjC";
				PRODUCT_BUNDLE_IDENTIFIER = se.ahmad.RemindMe;
				PRODUCT_NAME = "$(TARGET_NAME)";
				SWIFT_EMIT_LOC_STRINGS = YES;
				SWIFT_VERSION = 5.0;
				TARGETED_DEVICE_FAMILY = "1,2";
			};
			name = Release;
		};
		BBB229042EDDD7770034173B /* Debug */ = {
			isa = XCBuildConfiguration;
			buildSettings = {
				ALWAYS_EMBED_SWIFT_STANDARD_LIBRARIES = YES;
				BUNDLE_LOADER = "$(TEST_HOST)";
				CODE_SIGN_STYLE = Automatic;
				CURRENT_PROJECT_VERSION = 1;
				GENERATE_INFOPLIST_FILE = YES;
				IPHONEOS_DEPLOYMENT_TARGET = 17.5;
				MARKETING_VERSION = 1.0;
				PRODUCT_BUNDLE_IDENTIFIER = se.ahmad.RemindMeTests;
				PRODUCT_NAME = "$(TARGET_NAME)";
				SWIFT_EMIT_LOC_STRINGS = NO;
				SWIFT_VERSION = 5.0;
				TARGETED_DEVICE_FAMILY = "1,2";
				TEST_HOST = "$(BUILT_PRODUCTS_DIR)/RemindMe.app/$(BUNDLE_EXECUTABLE_FOLDER_PATH)/RemindMe";
			};
			name = Debug;
		};
		BBB229052EDDD7770034173B /* Release */ = {
			isa = XCBuildConfiguration;
			buildSettings = {
				ALWAYS_EMBED_SWIFT_STANDARD_LIBRARIES = YES;
				BUNDLE_LOADER = "$(TEST_HOST)";
				CODE_SIGN_STYLE = Automatic;
				CURRENT_PROJECT_VERSION = 1;
				GENERATE_INFOPLIST_FILE = YES;
				IPHONEOS_DEPLOYMENT_TARGET = 17.5;
				MARKETING_VERSION = 1.0;
				PRODUCT_BUNDLE_IDENTIFIER = se.ahmad.RemindMeTests;
				PRODUCT_NAME = "$(TARGET_NAME)";
				SWIFT_EMIT_LOC_STRINGS = NO;
				SWIFT_VERSION = 5.0;
				TARGETED_DEVICE_FAMILY = "1,2";
				TEST_HOST = "$(BUILT_PRODUCTS_DIR)/RemindMe.app/$(BUNDLE_EXECUTABLE_FOLDER_PATH)/RemindMe";
			};
			name = Release;
		};
		BBB229072EDDD7770034173B /* Debug */ = {
			isa = XCBuildConfiguration;
			buildSettings = {
				ALWAYS_EMBED_SWIFT_STANDARD_LIBRARIES = YES;
				CODE_SIGN_STYLE = Automatic;
				CURRENT_PROJECT_VERSION = 1;
				GENERATE_INFOPLIST_FILE = YES;
				MARKETING_VERSION = 1.0;
				PRODUCT_BUNDLE_IDENTIFIER = se.ahmad.RemindMeUITests;
				PRODUCT_NAME = "$(TARGET_NAME)";
				SWIFT_EMIT_LOC_STRINGS = NO;
				SWIFT_VERSION = 5.0;
				TARGETED_DEVICE_FAMILY = "1,2";
				TEST_TARGET_NAME = RemindMe;
			};
			name = Debug;
		};
		BBB229082EDDD7770034173B /* Release */ = {
			isa = XCBuildConfiguration;
			buildSettings = {
				ALWAYS_EMBED_SWIFT_STANDARD_LIBRARIES = YES;
				CODE_SIGN_STYLE = Automatic;
				CURRENT_PROJECT_VERSION = 1;
				GENERATE_INFOPLIST_FILE = YES;
				MARKETING_VERSION = 1.0;
				PRODUCT_BUNDLE_IDENTIFIER = se.ahmad.RemindMeUITests;
				PRODUCT_NAME = "$(TARGET_NAME)";
				SWIFT_EMIT_LOC_STRINGS = NO;
				SWIFT_VERSION = 5.0;
				TARGETED_DEVICE_FAMILY = "1,2";
				TEST_TARGET_NAME = RemindMe;
			};
			name = Release;
		};
/* End XCBuildConfiguration section */

/* Begin XCConfigurationList section */
		BBB228D72EDDD7720034173B /* Build configuration list for PBXProject "RemindMe" */ = {
			isa = XCConfigurationList;
			buildConfigurations = (
				BBB228FE2EDDD7770034173B /* Debug */,
				BBB228FF2EDDD7770034173B /* Release */,
			);
			defaultConfigurationIsVisible = 0;
			defaultConfigurationName = Release;
		};
		BBB229002EDDD7770034173B /* Build configuration list for PBXNativeTarget "RemindMe" */ = {
			isa = XCConfigurationList;
			buildConfigurations = (
				BBB229012EDDD7770034173B /* Debug */,
				BBB229022EDDD7770034173B /* Release */,
			);
			defaultConfigurationIsVisible = 0;
			defaultConfigurationName = Release;
		};
		BBB229032EDDD7770034173B /* Build configuration list for PBXNativeTarget "RemindMeTests" */ = {
			isa = XCConfigurationList;
			buildConfigurations = (
				BBB229042EDDD7770034173B /* Debug */,
				BBB229052EDDD7770034173B /* Release */,
			);
			defaultConfigurationIsVisible = 0;
			defaultConfigurationName = Release;
		};
		BBB229062EDDD7770034173B /* Build configuration list for PBXNativeTarget "RemindMeUITests" */ = {
			isa = XCConfigurationList;
			buildConfigurations = (
				BBB229072EDDD7770034173B /* Debug */,
				BBB229082EDDD7770034173B /* Release */,
			);
			defaultConfigurationIsVisible = 0;
			defaultConfigurationName = Release;
		};
/* End XCConfigurationList section */

/* Begin XCRemoteSwiftPackageReference section */
		BB559DC42EE4ACBA00C78299 /* XCRemoteSwiftPackageReference "GoogleSignIn-iOS" */ = {
			isa = XCRemoteSwiftPackageReference;
			repositoryURL = "https://github.com/google/GoogleSignIn-iOS";
			requirement = {
				kind = upToNextMajorVersion;
				minimumVersion = 6.2.4;
			};
		};
		BB736E952EDF73E80063B0B5 /* XCRemoteSwiftPackageReference "firebase-ios-sdk" */ = {
			isa = XCRemoteSwiftPackageReference;
			repositoryURL = "https://github.com/firebase/firebase-ios-sdk.git";
			requirement = {
				kind = upToNextMajorVersion;
				minimumVersion = 10.29.0;
			};
		};
/* End XCRemoteSwiftPackageReference section */

/* Begin XCSwiftPackageProductDependency section */
		BB559DC52EE4ACBA00C78299 /* GoogleSignIn */ = {
			isa = XCSwiftPackageProductDependency;
			package = BB559DC42EE4ACBA00C78299 /* XCRemoteSwiftPackageReference "GoogleSignIn-iOS" */;
			productName = GoogleSignIn;
		};
		BB559DC72EE4ACBA00C78299 /* GoogleSignInSwift */ = {
			isa = XCSwiftPackageProductDependency;
			package = BB559DC42EE4ACBA00C78299 /* XCRemoteSwiftPackageReference "GoogleSignIn-iOS" */;
			productName = GoogleSignInSwift;
		};
		BB736E962EDF73E80063B0B5 /* FirebaseAuth */ = {
			isa = XCSwiftPackageProductDependency;
			package = BB736E952EDF73E80063B0B5 /* XCRemoteSwiftPackageReference "firebase-ios-sdk" */;
			productName = FirebaseAuth;
		};
		BB736E982EDF73E80063B0B5 /* FirebaseDatabase */ = {
			isa = XCSwiftPackageProductDependency;
			package = BB736E952EDF73E80063B0B5 /* XCRemoteSwiftPackageReference "firebase-ios-sdk" */;
			productName = FirebaseDatabase;
		};
		BB736E9A2EDF73E80063B0B5 /* FirebaseDatabaseSwift */ = {
			isa = XCSwiftPackageProductDependency;
			package = BB736E952EDF73E80063B0B5 /* XCRemoteSwiftPackageReference "firebase-ios-sdk" */;
			productName = FirebaseDatabaseSwift;
		};
/* End XCSwiftPackageProductDependency section */
	};
	rootObject = BBB228D42EDDD7720034173B /* Project object */;
}
